
Microsoft Visual Studio Solution File, Format Version 12.00
# Visual Studio Version 16
VisualStudioVersion = 16.0.28922.388
MinimumVisualStudioVersion = 10.0.40219.1
Project("{FAE04EC0-301F-11D3-BF4B-00C04F79EFBC}") = "01. Encrypt, Sort and Print Array", "01. Encrypt, Sort and Print Array\01. Encrypt, Sort and Print Array.csproj", "{A81A7F06-52D0-4ED0-8892-7B0F1A597DB7}"
EndProject
Project("{FAE04EC0-301F-11D3-BF4B-00C04F79EFBC}") = "02. Pascal Triangle", "02. Pascal Triangle\02. Pascal Triangle.csproj", "{A00B1E4D-CA79-4337-ABF7-77EEEB6F58EE}"
EndProject
Project("{FAE04EC0-301F-11D3-BF4B-00C04F79EFBC}") = "03. 3. Recursive Fibonacci", "03. 3. Recursive Fibonacci\03. 3. Recursive Fibonacci.csproj", "{C6ABAAF6-B82C-4410-8516-4C2DDEAB3C8F}"
EndProject
Project("{FAE04EC0-301F-11D3-BF4B-00C04F79EFBC}") = "04. Fold and Sum", "04. Fold and Sum\04. Fold and Sum.csproj", "{C0806412-8138-4DE5-A739-E8427D0FD846}"
EndProject
Project("{FAE04EC0-301F-11D3-BF4B-00C04F79EFBC}") = "05. Longest Increasing Subsequence", "05. Longest Increasing Subsequence\05. Longest Increasing Subsequence.csproj", "{76A79005-09CD-4B03-84EB-465D50DB20CF}"
EndProject
Global
	GlobalSection(SolutionConfigurationPlatforms) = preSolution
		Debug|Any CPU = Debug|Any CPU
		Release|Any CPU = Release|Any CPU
	EndGlobalSection
	GlobalSection(ProjectConfigurationPlatforms) = postSolution
		{A81A7F06-52D0-4ED0-8892-7B0F1A597DB7}.Debug|Any CPU.ActiveCfg = Debug|Any CPU
		{A81A7F06-52D0-4ED0-8892-7B0F1A597DB7}.Debug|Any CPU.Build.0 = Debug|Any CPU
		{A81A7F06-52D0-4ED0-8892-7B0F1A597DB7}.Release|Any CPU.ActiveCfg = Release|Any CPU
		{A81A7F06-52D0-4ED0-8892-7B0F1A597DB7}.Release|Any CPU.Build.0 = Release|Any CPU
		{A00B1E4D-CA79-4337-ABF7-77EEEB6F58EE}.Debug|Any CPU.ActiveCfg = Debug|Any CPU
		{A00B1E4D-CA79-4337-ABF7-77EEEB6F58EE}.Debug|Any CPU.Build.0 = Debug|Any CPU
		{A00B1E4D-CA79-4337-ABF7-77EEEB6F58EE}.Release|Any CPU.ActiveCfg = Release|Any CPU
		{A00B1E4D-CA79-4337-ABF7-77EEEB6F58EE}.Release|Any CPU.Build.0 = Release|Any CPU
		{C6ABAAF6-B82C-4410-8516-4C2DDEAB3C8F}.Debug|Any CPU.ActiveCfg = Debug|Any CPU
		{C6ABAAF6-B82C-4410-8516-4C2DDEAB3C8F}.Debug|Any CPU.Build.0 = Debug|Any CPU
		{C6ABAAF6-B82C-4410-8516-4C2DDEAB3C8F}.Release|Any CPU.ActiveCfg = Release|Any CPU
		{C6ABAAF6-B82C-4410-8516-4C2DDEAB3C8F}.Release|Any CPU.Build.0 = Release|Any CPU
		{C0806412-8138-4DE5-A739-E8427D0FD846}.Debug|Any CPU.ActiveCfg = Debug|Any CPU
		{C0806412-8138-4DE5-A739-E8427D0FD846}.Debug|Any CPU.Build.0 = Debug|Any CPU
		{C0806412-8138-4DE5-A739-E8427D0FD846}.Release|Any CPU.ActiveCfg = Release|Any CPU
		{C0806412-8138-4DE5-A739-E8427D0FD846}.Release|Any CPU.Build.0 = Release|Any CPU
		{76A79005-09CD-4B03-84EB-465D50DB20CF}.Debug|Any CPU.ActiveCfg = Debug|Any CPU
		{76A79005-09CD-4B03-84EB-465D50DB20CF}.Debug|Any CPU.Build.0 = Debug|Any CPU
		{76A79005-09CD-4B03-84EB-465D50DB20CF}.Release|Any CPU.ActiveCfg = Release|Any CPU
		{76A79005-09CD-4B03-84EB-465D50DB20CF}.Release|Any CPU.Build.0 = Release|Any CPU
	EndGlobalSection
	GlobalSection(SolutionProperties) = preSolution
		HideSolutionNode = FALSE
	EndGlobalSection
	GlobalSection(ExtensibilityGlobals) = postSolution
		SolutionGuid = {3553358C-ABE3-4ADE-AC71-63F67E574545}
	EndGlobalSection
EndGlobal
