
Microsoft Visual Studio Solution File, Format Version 12.00
# Visual Studio Version 16
VisualStudioVersion = 16.0.29025.244
MinimumVisualStudioVersion = 10.0.40219.1
Project("{FAE04EC0-301F-11D3-BF4B-00C04F79EFBC}") = "01. Count Real Numbers", "01. Count Real Numbers\01. Count Real Numbers.csproj", "{5A328531-F553-405C-9311-3FFCB29DB466}"
EndProject
Project("{FAE04EC0-301F-11D3-BF4B-00C04F79EFBC}") = "02. Odd Occurrences", "02. Odd Occurrences\02. Odd Occurrences.csproj", "{98C40B15-151F-47A5-96EE-A6C144574AD6}"
EndProject
Project("{FAE04EC0-301F-11D3-BF4B-00C04F79EFBC}") = "03. Word Synonyms", "03. Word Synonyms\03. Word Synonyms.csproj", "{80C02C60-31F4-4935-842D-2450F0D97076}"
EndProject
Project("{FAE04EC0-301F-11D3-BF4B-00C04F79EFBC}") = "04. Largest 3 Numbers", "04. Largest 3 Numbers\04. Largest 3 Numbers.csproj", "{FDEA7C0E-7208-4F42-8826-6150D9B629D3}"
EndProject
Project("{FAE04EC0-301F-11D3-BF4B-00C04F79EFBC}") = "05. Word Filter", "05. Word Filter\05. Word Filter.csproj", "{8540F3F1-9F5D-4EA7-B5D0-A6766C1FC279}"
EndProject
Global
	GlobalSection(SolutionConfigurationPlatforms) = preSolution
		Debug|Any CPU = Debug|Any CPU
		Release|Any CPU = Release|Any CPU
	EndGlobalSection
	GlobalSection(ProjectConfigurationPlatforms) = postSolution
		{5A328531-F553-405C-9311-3FFCB29DB466}.Debug|Any CPU.ActiveCfg = Debug|Any CPU
		{5A328531-F553-405C-9311-3FFCB29DB466}.Debug|Any CPU.Build.0 = Debug|Any CPU
		{5A328531-F553-405C-9311-3FFCB29DB466}.Release|Any CPU.ActiveCfg = Release|Any CPU
		{5A328531-F553-405C-9311-3FFCB29DB466}.Release|Any CPU.Build.0 = Release|Any CPU
		{98C40B15-151F-47A5-96EE-A6C144574AD6}.Debug|Any CPU.ActiveCfg = Debug|Any CPU
		{98C40B15-151F-47A5-96EE-A6C144574AD6}.Debug|Any CPU.Build.0 = Debug|Any CPU
		{98C40B15-151F-47A5-96EE-A6C144574AD6}.Release|Any CPU.ActiveCfg = Release|Any CPU
		{98C40B15-151F-47A5-96EE-A6C144574AD6}.Release|Any CPU.Build.0 = Release|Any CPU
		{80C02C60-31F4-4935-842D-2450F0D97076}.Debug|Any CPU.ActiveCfg = Debug|Any CPU
		{80C02C60-31F4-4935-842D-2450F0D97076}.Debug|Any CPU.Build.0 = Debug|Any CPU
		{80C02C60-31F4-4935-842D-2450F0D97076}.Release|Any CPU.ActiveCfg = Release|Any CPU
		{80C02C60-31F4-4935-842D-2450F0D97076}.Release|Any CPU.Build.0 = Release|Any CPU
		{FDEA7C0E-7208-4F42-8826-6150D9B629D3}.Debug|Any CPU.ActiveCfg = Debug|Any CPU
		{FDEA7C0E-7208-4F42-8826-6150D9B629D3}.Debug|Any CPU.Build.0 = Debug|Any CPU
		{FDEA7C0E-7208-4F42-8826-6150D9B629D3}.Release|Any CPU.ActiveCfg = Release|Any CPU
		{FDEA7C0E-7208-4F42-8826-6150D9B629D3}.Release|Any CPU.Build.0 = Release|Any CPU
		{8540F3F1-9F5D-4EA7-B5D0-A6766C1FC279}.Debug|Any CPU.ActiveCfg = Debug|Any CPU
		{8540F3F1-9F5D-4EA7-B5D0-A6766C1FC279}.Debug|Any CPU.Build.0 = Debug|Any CPU
		{8540F3F1-9F5D-4EA7-B5D0-A6766C1FC279}.Release|Any CPU.ActiveCfg = Release|Any CPU
		{8540F3F1-9F5D-4EA7-B5D0-A6766C1FC279}.Release|Any CPU.Build.0 = Release|Any CPU
	EndGlobalSection
	GlobalSection(SolutionProperties) = preSolution
		HideSolutionNode = FALSE
	EndGlobalSection
	GlobalSection(ExtensibilityGlobals) = postSolution
		SolutionGuid = {ABC6B878-CE0E-4935-A288-A3B7AB00559E}
	EndGlobalSection
EndGlobal
